{
    "version": 3,
    "terraform_version": "0.11.7",
    "serial": 2,
    "lineage": "36442a6e-bb7c-953c-c86e-fe7e855eca9f",
    "modules": [
        {
            "path": [
                "root"
            ],
            "outputs": {},
            "resources": {
                "aws_subnet.sanket_subnet_oregon_v1": {
                    "type": "aws_subnet",
                    "depends_on": [
                        "aws_vpc.sanket_test_1"
                    ],
                    "primary": {
                        "id": "subnet-03914964cb1e1c3d5",
                        "attributes": {
                            "assign_ipv6_address_on_creation": "false",
                            "availability_zone": "us-west-2b",
                            "cidr_block": "10.10.1.0/24",
                            "id": "subnet-03914964cb1e1c3d5",
                            "map_public_ip_on_launch": "false",
                            "tags.%": "1",
                            "tags.Name": "sanket_subnet_oregon_v1",
                            "vpc_id": "vpc-0b020348da47cb72b"
                        },
                        "meta": {
                            "schema_version": "1"
                        },
                        "tainted": false
                    },
                    "deposed": [],
                    "provider": "provider.aws"
                },
                "aws_subnet.sanket_subnet_oregon_v2": {
                    "type": "aws_subnet",
                    "depends_on": [
                        "aws_vpc.sanket_test_1"
                    ],
                    "primary": {
                        "id": "subnet-03698fda2c29ba59e",
                        "attributes": {
                            "assign_ipv6_address_on_creation": "false",
                            "availability_zone": "us-west-2c",
                            "cidr_block": "10.10.2.0/24",
                            "id": "subnet-03698fda2c29ba59e",
                            "map_public_ip_on_launch": "false",
                            "tags.%": "1",
                            "tags.Name": "sanket_subnet_oregon_v2",
                            "vpc_id": "vpc-0b020348da47cb72b"
                        },
                        "meta": {
                            "schema_version": "1"
                        },
                        "tainted": false
                    },
                    "deposed": [],
                    "provider": "provider.aws"
                },
                "aws_vpc.sanket_test_1": {
                    "type": "aws_vpc",
                    "depends_on": [],
                    "primary": {
                        "id": "vpc-0b020348da47cb72b",
                        "attributes": {
                            "assign_generated_ipv6_cidr_block": "false",
                            "cidr_block": "10.10.0.0/16",
                            "default_network_acl_id": "acl-0daf9278178bc904c",
                            "default_route_table_id": "rtb-0acfe6b477e1ca735",
                            "default_security_group_id": "sg-0de61e338b51ebe46",
                            "dhcp_options_id": "dopt-c53f14bc",
                            "enable_classiclink": "false",
                            "enable_classiclink_dns_support": "false",
                            "enable_dns_hostnames": "false",
                            "enable_dns_support": "true",
                            "id": "vpc-0b020348da47cb72b",
                            "instance_tenancy": "default",
                            "main_route_table_id": "rtb-0acfe6b477e1ca735",
                            "tags.%": "2",
                            "tags.Location": "Oregon",
                            "tags.Name": "sanket_test_1"
                        },
                        "meta": {
                            "schema_version": "1"
                        },
                        "tainted": false
                    },
                    "deposed": [],
                    "provider": "provider.aws"
                }
            },
            "depends_on": []
        }
    ]
}
